
Microsoft Visual Studio Solution File, Format Version 12.00
# Visual Studio Version 16
VisualStudioVersion = 16.0.32126.315
MinimumVisualStudioVersion = 10.0.40219.1
Project("{FAE04EC0-301F-11D3-BF4B-00C04F79EFBC}") = "WeatherInfo", "WeatherInfo.csproj", "{25F05C25-30B9-4465-83B5-B655F7BDDA59}"
EndProject
Project("{FAE04EC0-301F-11D3-BF4B-00C04F79EFBC}") = "WeatherInfoTests", "..\WeatherInfoTests\WeatherInfoTests.csproj", "{2CBCE7E7-10C7-4CAF-AF48-A6BFF2D4606A}"
EndProject
Global
	GlobalSection(SolutionConfigurationPlatforms) = preSolution
		Debug|Any CPU = Debug|Any CPU
		Release|Any CPU = Release|Any CPU
	EndGlobalSection
	GlobalSection(ProjectConfigurationPlatforms) = postSolution
		{25F05C25-30B9-4465-83B5-B655F7BDDA59}.Debug|Any CPU.ActiveCfg = Debug|Any CPU
		{25F05C25-30B9-4465-83B5-B655F7BDDA59}.Debug|Any CPU.Build.0 = Debug|Any CPU
		{25F05C25-30B9-4465-83B5-B655F7BDDA59}.Release|Any CPU.ActiveCfg = Release|Any CPU
		{25F05C25-30B9-4465-83B5-B655F7BDDA59}.Release|Any CPU.Build.0 = Release|Any CPU
		{2CBCE7E7-10C7-4CAF-AF48-A6BFF2D4606A}.Debug|Any CPU.ActiveCfg = Debug|Any CPU
		{2CBCE7E7-10C7-4CAF-AF48-A6BFF2D4606A}.Debug|Any CPU.Build.0 = Debug|Any CPU
		{2CBCE7E7-10C7-4CAF-AF48-A6BFF2D4606A}.Release|Any CPU.ActiveCfg = Release|Any CPU
		{2CBCE7E7-10C7-4CAF-AF48-A6BFF2D4606A}.Release|Any CPU.Build.0 = Release|Any CPU
	EndGlobalSection
	GlobalSection(SolutionProperties) = preSolution
		HideSolutionNode = FALSE
	EndGlobalSection
	GlobalSection(ExtensibilityGlobals) = postSolution
		SolutionGuid = {08A10509-E74C-40DB-B39D-CEB6A627F584}
	EndGlobalSection
EndGlobal
